
Microsoft Visual Studio Solution File, Format Version 12.00
# Visual Studio Version 17
VisualStudioVersion = 17.6.33723.286
MinimumVisualStudioVersion = 10.0.40219.1
Project("{8BC9CEB8-8B4A-11D0-8D11-00A0C91BC942}") = "01_03", "01_03\01_03.vcxproj", "{91AFA4E5-9450-4BC4-8B6F-145CE64F0A92}"
EndProject
Project("{8BC9CEB8-8B4A-11D0-8D11-00A0C91BC942}") = "02_02", "02_02\02_02.vcxproj", "{356CC92E-C9E7-413A-8C05-CFAF17D05A9E}"
EndProject
Project("{8BC9CEB8-8B4A-11D0-8D11-00A0C91BC942}") = "03", "03\03.vcxproj", "{65222024-E996-48EA-948F-3C69B31EA83F}"
EndProject
Project("{8BC9CEB8-8B4A-11D0-8D11-00A0C91BC942}") = "04", "04\04.vcxproj", "{8ABDDCA4-B039-409E-A1B7-982ABE1AEC8D}"
EndProject
Project("{8BC9CEB8-8B4A-11D0-8D11-00A0C91BC942}") = "05_02", "05_02\05_02.vcxproj", "{505F771C-E8D5-421A-99DF-D1B6CA5A54BC}"
EndProject
Project("{8BC9CEB8-8B4A-11D0-8D11-00A0C91BC942}") = "05_01", "05_01\05_01.vcxproj", "{0AFF8B10-5D28-4BB8-9F54-CE6625D7C839}"
EndProject
Project("{8BC9CEB8-8B4A-11D0-8D11-00A0C91BC942}") = "11_01", "11_01\11_01.vcxproj", "{660445CA-1976-4EC8-B80A-4B8399C9DDFB}"
EndProject
Project("{8BC9CEB8-8B4A-11D0-8D11-00A0C91BC942}") = "11_02", "11_02\11_02.vcxproj", "{29B22513-C78B-4F68-B127-71528398A9E7}"
EndProject
Project("{8BC9CEB8-8B4A-11D0-8D11-00A0C91BC942}") = "11_03", "11_03\11_03.vcxproj", "{2043D728-E22F-4754-A953-376B89A97A3E}"
EndProject
Project("{8BC9CEB8-8B4A-11D0-8D11-00A0C91BC942}") = "11_04", "11_04\11_04.vcxproj", "{4390A863-1EF2-4EEC-A6E9-A63C46CE2719}"
EndProject
Project("{8BC9CEB8-8B4A-11D0-8D11-00A0C91BC942}") = "11_05", "11_05\11_05.vcxproj", "{C14424AE-1A16-40F0-A98A-BA07493AF014}"
EndProject
Global
	GlobalSection(SolutionConfigurationPlatforms) = preSolution
		Debug|x64 = Debug|x64
		Debug|x86 = Debug|x86
		Release|x64 = Release|x64
		Release|x86 = Release|x86
	EndGlobalSection
	GlobalSection(ProjectConfigurationPlatforms) = postSolution
		{91AFA4E5-9450-4BC4-8B6F-145CE64F0A92}.Debug|x64.ActiveCfg = Debug|x64
		{91AFA4E5-9450-4BC4-8B6F-145CE64F0A92}.Debug|x64.Build.0 = Debug|x64
		{91AFA4E5-9450-4BC4-8B6F-145CE64F0A92}.Debug|x86.ActiveCfg = Debug|Win32
		{91AFA4E5-9450-4BC4-8B6F-145CE64F0A92}.Debug|x86.Build.0 = Debug|Win32
		{91AFA4E5-9450-4BC4-8B6F-145CE64F0A92}.Release|x64.ActiveCfg = Release|x64
		{91AFA4E5-9450-4BC4-8B6F-145CE64F0A92}.Release|x64.Build.0 = Release|x64
		{91AFA4E5-9450-4BC4-8B6F-145CE64F0A92}.Release|x86.ActiveCfg = Release|Win32
		{91AFA4E5-9450-4BC4-8B6F-145CE64F0A92}.Release|x86.Build.0 = Release|Win32
		{356CC92E-C9E7-413A-8C05-CFAF17D05A9E}.Debug|x64.ActiveCfg = Debug|x64
		{356CC92E-C9E7-413A-8C05-CFAF17D05A9E}.Debug|x64.Build.0 = Debug|x64
		{356CC92E-C9E7-413A-8C05-CFAF17D05A9E}.Debug|x86.ActiveCfg = Debug|Win32
		{356CC92E-C9E7-413A-8C05-CFAF17D05A9E}.Debug|x86.Build.0 = Debug|Win32
		{356CC92E-C9E7-413A-8C05-CFAF17D05A9E}.Release|x64.ActiveCfg = Release|x64
		{356CC92E-C9E7-413A-8C05-CFAF17D05A9E}.Release|x64.Build.0 = Release|x64
		{356CC92E-C9E7-413A-8C05-CFAF17D05A9E}.Release|x86.ActiveCfg = Release|Win32
		{356CC92E-C9E7-413A-8C05-CFAF17D05A9E}.Release|x86.Build.0 = Release|Win32
		{65222024-E996-48EA-948F-3C69B31EA83F}.Debug|x64.ActiveCfg = Debug|x64
		{65222024-E996-48EA-948F-3C69B31EA83F}.Debug|x64.Build.0 = Debug|x64
		{65222024-E996-48EA-948F-3C69B31EA83F}.Debug|x86.ActiveCfg = Debug|Win32
		{65222024-E996-48EA-948F-3C69B31EA83F}.Debug|x86.Build.0 = Debug|Win32
		{65222024-E996-48EA-948F-3C69B31EA83F}.Release|x64.ActiveCfg = Release|x64
		{65222024-E996-48EA-948F-3C69B31EA83F}.Release|x64.Build.0 = Release|x64
		{65222024-E996-48EA-948F-3C69B31EA83F}.Release|x86.ActiveCfg = Release|Win32
		{65222024-E996-48EA-948F-3C69B31EA83F}.Release|x86.Build.0 = Release|Win32
		{8ABDDCA4-B039-409E-A1B7-982ABE1AEC8D}.Debug|x64.ActiveCfg = Debug|x64
		{8ABDDCA4-B039-409E-A1B7-982ABE1AEC8D}.Debug|x64.Build.0 = Debug|x64
		{8ABDDCA4-B039-409E-A1B7-982ABE1AEC8D}.Debug|x86.ActiveCfg = Debug|Win32
		{8ABDDCA4-B039-409E-A1B7-982ABE1AEC8D}.Debug|x86.Build.0 = Debug|Win32
		{8ABDDCA4-B039-409E-A1B7-982ABE1AEC8D}.Release|x64.ActiveCfg = Release|x64
		{8ABDDCA4-B039-409E-A1B7-982ABE1AEC8D}.Release|x64.Build.0 = Release|x64
		{8ABDDCA4-B039-409E-A1B7-982ABE1AEC8D}.Release|x86.ActiveCfg = Release|Win32
		{8ABDDCA4-B039-409E-A1B7-982ABE1AEC8D}.Release|x86.Build.0 = Release|Win32
		{505F771C-E8D5-421A-99DF-D1B6CA5A54BC}.Debug|x64.ActiveCfg = Debug|x64
		{505F771C-E8D5-421A-99DF-D1B6CA5A54BC}.Debug|x64.Build.0 = Debug|x64
		{505F771C-E8D5-421A-99DF-D1B6CA5A54BC}.Debug|x86.ActiveCfg = Debug|Win32
		{505F771C-E8D5-421A-99DF-D1B6CA5A54BC}.Debug|x86.Build.0 = Debug|Win32
		{505F771C-E8D5-421A-99DF-D1B6CA5A54BC}.Release|x64.ActiveCfg = Release|x64
		{505F771C-E8D5-421A-99DF-D1B6CA5A54BC}.Release|x64.Build.0 = Release|x64
		{505F771C-E8D5-421A-99DF-D1B6CA5A54BC}.Release|x86.ActiveCfg = Release|Win32
		{505F771C-E8D5-421A-99DF-D1B6CA5A54BC}.Release|x86.Build.0 = Release|Win32
		{0AFF8B10-5D28-4BB8-9F54-CE6625D7C839}.Debug|x64.ActiveCfg = Debug|x64
		{0AFF8B10-5D28-4BB8-9F54-CE6625D7C839}.Debug|x64.Build.0 = Debug|x64
		{0AFF8B10-5D28-4BB8-9F54-CE6625D7C839}.Debug|x86.ActiveCfg = Debug|Win32
		{0AFF8B10-5D28-4BB8-9F54-CE6625D7C839}.Debug|x86.Build.0 = Debug|Win32
		{0AFF8B10-5D28-4BB8-9F54-CE6625D7C839}.Release|x64.ActiveCfg = Release|x64
		{0AFF8B10-5D28-4BB8-9F54-CE6625D7C839}.Release|x64.Build.0 = Release|x64
		{0AFF8B10-5D28-4BB8-9F54-CE6625D7C839}.Release|x86.ActiveCfg = Release|Win32
		{0AFF8B10-5D28-4BB8-9F54-CE6625D7C839}.Release|x86.Build.0 = Release|Win32
		{660445CA-1976-4EC8-B80A-4B8399C9DDFB}.Debug|x64.ActiveCfg = Debug|x64
		{660445CA-1976-4EC8-B80A-4B8399C9DDFB}.Debug|x64.Build.0 = Debug|x64
		{660445CA-1976-4EC8-B80A-4B8399C9DDFB}.Debug|x86.ActiveCfg = Debug|Win32
		{660445CA-1976-4EC8-B80A-4B8399C9DDFB}.Debug|x86.Build.0 = Debug|Win32
		{660445CA-1976-4EC8-B80A-4B8399C9DDFB}.Release|x64.ActiveCfg = Release|x64
		{660445CA-1976-4EC8-B80A-4B8399C9DDFB}.Release|x64.Build.0 = Release|x64
		{660445CA-1976-4EC8-B80A-4B8399C9DDFB}.Release|x86.ActiveCfg = Release|Win32
		{660445CA-1976-4EC8-B80A-4B8399C9DDFB}.Release|x86.Build.0 = Release|Win32
		{29B22513-C78B-4F68-B127-71528398A9E7}.Debug|x64.ActiveCfg = Debug|x64
		{29B22513-C78B-4F68-B127-71528398A9E7}.Debug|x64.Build.0 = Debug|x64
		{29B22513-C78B-4F68-B127-71528398A9E7}.Debug|x86.ActiveCfg = Debug|Win32
		{29B22513-C78B-4F68-B127-71528398A9E7}.Debug|x86.Build.0 = Debug|Win32
		{29B22513-C78B-4F68-B127-71528398A9E7}.Release|x64.ActiveCfg = Release|x64
		{29B22513-C78B-4F68-B127-71528398A9E7}.Release|x64.Build.0 = Release|x64
		{29B22513-C78B-4F68-B127-71528398A9E7}.Release|x86.ActiveCfg = Release|Win32
		{29B22513-C78B-4F68-B127-71528398A9E7}.Release|x86.Build.0 = Release|Win32
		{2043D728-E22F-4754-A953-376B89A97A3E}.Debug|x64.ActiveCfg = Debug|x64
		{2043D728-E22F-4754-A953-376B89A97A3E}.Debug|x64.Build.0 = Debug|x64
		{2043D728-E22F-4754-A953-376B89A97A3E}.Debug|x86.ActiveCfg = Debug|Win32
		{2043D728-E22F-4754-A953-376B89A97A3E}.Debug|x86.Build.0 = Debug|Win32
		{2043D728-E22F-4754-A953-376B89A97A3E}.Release|x64.ActiveCfg = Release|x64
		{2043D728-E22F-4754-A953-376B89A97A3E}.Release|x64.Build.0 = Release|x64
		{2043D728-E22F-4754-A953-376B89A97A3E}.Release|x86.ActiveCfg = Release|Win32
		{2043D728-E22F-4754-A953-376B89A97A3E}.Release|x86.Build.0 = Release|Win32
		{4390A863-1EF2-4EEC-A6E9-A63C46CE2719}.Debug|x64.ActiveCfg = Debug|x64
		{4390A863-1EF2-4EEC-A6E9-A63C46CE2719}.Debug|x64.Build.0 = Debug|x64
		{4390A863-1EF2-4EEC-A6E9-A63C46CE2719}.Debug|x86.ActiveCfg = Debug|Win32
		{4390A863-1EF2-4EEC-A6E9-A63C46CE2719}.Debug|x86.Build.0 = Debug|Win32
		{4390A863-1EF2-4EEC-A6E9-A63C46CE2719}.Release|x64.ActiveCfg = Release|x64
		{4390A863-1EF2-4EEC-A6E9-A63C46CE2719}.Release|x64.Build.0 = Release|x64
		{4390A863-1EF2-4EEC-A6E9-A63C46CE2719}.Release|x86.ActiveCfg = Release|Win32
		{4390A863-1EF2-4EEC-A6E9-A63C46CE2719}.Release|x86.Build.0 = Release|Win32
		{C14424AE-1A16-40F0-A98A-BA07493AF014}.Debug|x64.ActiveCfg = Debug|x64
		{C14424AE-1A16-40F0-A98A-BA07493AF014}.Debug|x64.Build.0 = Debug|x64
		{C14424AE-1A16-40F0-A98A-BA07493AF014}.Debug|x86.ActiveCfg = Debug|Win32
		{C14424AE-1A16-40F0-A98A-BA07493AF014}.Debug|x86.Build.0 = Debug|Win32
		{C14424AE-1A16-40F0-A98A-BA07493AF014}.Release|x64.ActiveCfg = Release|x64
		{C14424AE-1A16-40F0-A98A-BA07493AF014}.Release|x64.Build.0 = Release|x64
		{C14424AE-1A16-40F0-A98A-BA07493AF014}.Release|x86.ActiveCfg = Release|Win32
		{C14424AE-1A16-40F0-A98A-BA07493AF014}.Release|x86.Build.0 = Release|Win32
	EndGlobalSection
	GlobalSection(SolutionProperties) = preSolution
		HideSolutionNode = FALSE
	EndGlobalSection
	GlobalSection(ExtensibilityGlobals) = postSolution
		SolutionGuid = {FD150D39-2123-45C1-B36C-A0C7682834BA}
	EndGlobalSection
EndGlobal
